
Microsoft Visual Studio Solution File, Format Version 12.00
# Visual Studio Version 17
VisualStudioVersion = 17.5.33516.290
MinimumVisualStudioVersion = 10.0.40219.1
Project("{FAE04EC0-301F-11D3-BF4B-00C04F79EFBC}") = "Examples", "Examples\Examples.csproj", "{172FDCF0-84AC-4206-A3F6-434D2657FFAC}"
EndProject
Global
	GlobalSection(SolutionConfigurationPlatforms) = preSolution
		Debug|Any CPU = Debug|Any CPU
		Release|Any CPU = Release|Any CPU
	EndGlobalSection
	GlobalSection(ProjectConfigurationPlatforms) = postSolution
		{172FDCF0-84AC-4206-A3F6-434D2657FFAC}.Debug|Any CPU.ActiveCfg = Debug|Any CPU
		{172FDCF0-84AC-4206-A3F6-434D2657FFAC}.Debug|Any CPU.Build.0 = Debug|Any CPU
		{172FDCF0-84AC-4206-A3F6-434D2657FFAC}.Release|Any CPU.ActiveCfg = Release|Any CPU
		{172FDCF0-84AC-4206-A3F6-434D2657FFAC}.Release|Any CPU.Build.0 = Release|Any CPU
	EndGlobalSection
	GlobalSection(SolutionProperties) = preSolution
		HideSolutionNode = FALSE
	EndGlobalSection
	GlobalSection(ExtensibilityGlobals) = postSolution
		SolutionGuid = {69DEB25E-6B29-4DBD-BB03-7FA7E5991AE3}
	EndGlobalSection
EndGlobal
